
Microsoft Visual Studio Solution File, Format Version 12.00
# Visual Studio Version 16
VisualStudioVersion = 16.0.29411.138
MinimumVisualStudioVersion = 10.0.40219.1
Project("{F184B08F-C81C-45F6-A57F-5ABD9991F28F}") = "MATLAB测试", "MATLAB测试\MATLAB测试.vbproj", "{D0930BC3-F1B2-430B-A41B-57164FB7AC31}"
EndProject
Project("{778DAE3C-4631-46EA-AA77-85C1314464D9}") = "MATLAB", "MATLAB\MATLAB.vbproj", "{4EC7F767-B34C-4E9B-B2B0-28A7273FEEB8}"
EndProject
Global
	GlobalSection(SolutionConfigurationPlatforms) = preSolution
		Debug|Any CPU = Debug|Any CPU
		Debug|x64 = Debug|x64
		Debug|x86 = Debug|x86
		Release|Any CPU = Release|Any CPU
		Release|x64 = Release|x64
		Release|x86 = Release|x86
	EndGlobalSection
	GlobalSection(ProjectConfigurationPlatforms) = postSolution
		{D0930BC3-F1B2-430B-A41B-57164FB7AC31}.Debug|Any CPU.ActiveCfg = Debug|Any CPU
		{D0930BC3-F1B2-430B-A41B-57164FB7AC31}.Debug|Any CPU.Build.0 = Debug|Any CPU
		{D0930BC3-F1B2-430B-A41B-57164FB7AC31}.Debug|x64.ActiveCfg = Debug|x64
		{D0930BC3-F1B2-430B-A41B-57164FB7AC31}.Debug|x64.Build.0 = Debug|x64
		{D0930BC3-F1B2-430B-A41B-57164FB7AC31}.Debug|x86.ActiveCfg = Debug|Any CPU
		{D0930BC3-F1B2-430B-A41B-57164FB7AC31}.Debug|x86.Build.0 = Debug|Any CPU
		{D0930BC3-F1B2-430B-A41B-57164FB7AC31}.Release|Any CPU.ActiveCfg = Release|Any CPU
		{D0930BC3-F1B2-430B-A41B-57164FB7AC31}.Release|Any CPU.Build.0 = Release|Any CPU
		{D0930BC3-F1B2-430B-A41B-57164FB7AC31}.Release|x64.ActiveCfg = Release|x64
		{D0930BC3-F1B2-430B-A41B-57164FB7AC31}.Release|x64.Build.0 = Release|x64
		{D0930BC3-F1B2-430B-A41B-57164FB7AC31}.Release|x86.ActiveCfg = Release|Any CPU
		{D0930BC3-F1B2-430B-A41B-57164FB7AC31}.Release|x86.Build.0 = Release|Any CPU
		{4EC7F767-B34C-4E9B-B2B0-28A7273FEEB8}.Debug|Any CPU.ActiveCfg = Debug|Any CPU
		{4EC7F767-B34C-4E9B-B2B0-28A7273FEEB8}.Debug|Any CPU.Build.0 = Debug|Any CPU
		{4EC7F767-B34C-4E9B-B2B0-28A7273FEEB8}.Debug|x64.ActiveCfg = Debug|x64
		{4EC7F767-B34C-4E9B-B2B0-28A7273FEEB8}.Debug|x64.Build.0 = Debug|x64
		{4EC7F767-B34C-4E9B-B2B0-28A7273FEEB8}.Debug|x86.ActiveCfg = Debug|Any CPU
		{4EC7F767-B34C-4E9B-B2B0-28A7273FEEB8}.Debug|x86.Build.0 = Debug|Any CPU
		{4EC7F767-B34C-4E9B-B2B0-28A7273FEEB8}.Release|Any CPU.ActiveCfg = Release|Any CPU
		{4EC7F767-B34C-4E9B-B2B0-28A7273FEEB8}.Release|Any CPU.Build.0 = Release|Any CPU
		{4EC7F767-B34C-4E9B-B2B0-28A7273FEEB8}.Release|x64.ActiveCfg = Release|Any CPU
		{4EC7F767-B34C-4E9B-B2B0-28A7273FEEB8}.Release|x64.Build.0 = Release|Any CPU
		{4EC7F767-B34C-4E9B-B2B0-28A7273FEEB8}.Release|x86.ActiveCfg = Release|Any CPU
		{4EC7F767-B34C-4E9B-B2B0-28A7273FEEB8}.Release|x86.Build.0 = Release|Any CPU
	EndGlobalSection
	GlobalSection(SolutionProperties) = preSolution
		HideSolutionNode = FALSE
	EndGlobalSection
	GlobalSection(ExtensibilityGlobals) = postSolution
		SolutionGuid = {45C5ED08-15FB-46F1-AA3B-49C0D35DC704}
	EndGlobalSection
EndGlobal
